
Microsoft Visual Studio Solution File, Format Version 12.00
# Visual Studio 15
VisualStudioVersion = 15.0.27703.2047
MinimumVisualStudioVersion = 10.0.40219.1
Project("{FAE04EC0-301F-11D3-BF4B-00C04F79EFBC}") = "TUI.AssessmentQuestion2", "TUI.AssessmentQuestion2\TUI.AssessmentQuestion2.csproj", "{C44A15BC-8CA8-498B-9785-5F1B7082C58B}"
EndProject
Global
	GlobalSection(SolutionConfigurationPlatforms) = preSolution
		Debug|Any CPU = Debug|Any CPU
		Release|Any CPU = Release|Any CPU
	EndGlobalSection
	GlobalSection(ProjectConfigurationPlatforms) = postSolution
		{C44A15BC-8CA8-498B-9785-5F1B7082C58B}.Debug|Any CPU.ActiveCfg = Debug|Any CPU
		{C44A15BC-8CA8-498B-9785-5F1B7082C58B}.Debug|Any CPU.Build.0 = Debug|Any CPU
		{C44A15BC-8CA8-498B-9785-5F1B7082C58B}.Release|Any CPU.ActiveCfg = Release|Any CPU
		{C44A15BC-8CA8-498B-9785-5F1B7082C58B}.Release|Any CPU.Build.0 = Release|Any CPU
	EndGlobalSection
	GlobalSection(SolutionProperties) = preSolution
		HideSolutionNode = FALSE
	EndGlobalSection
	GlobalSection(ExtensibilityGlobals) = postSolution
		SolutionGuid = {1B930DBC-19AD-4947-942E-B028CA9B1F87}
	EndGlobalSection
EndGlobal
